{
  "name": "fusioncharts",
  "version": "3.21.1",
  "lockfileVersion": 1,
  "requires": true,
  "dependencies": {
    "@babel/runtime": {
      "version": "7.9.2",
      "resolved": "https://registry.npmjs.org/@babel/runtime/-/runtime-7.9.2.tgz",
      "integrity": "sha512-NE2DtOdufG7R5vnfQUTehdTfNycfUANEtCa9PssN9O/xmTzP4E08UI797ixaei6hBEVL9BI/PsdJS5x7mWoB9Q==",
      "requires": {
        "regenerator-runtime": "^0.13.4"
      }
    },
    "@fusioncharts/accessibility": {
      "version": "1.8.1",
      "resolved": "https://registry.npmjs.org/@fusioncharts/accessibility/-/accessibility-1.8.1.tgz",
      "integrity": "sha512-yM9itEEvMnk7/T69HRiwBe7NaD9rLJHlcJWNANN1LCw9miFoegIVcw8NKhfGwVGKPSSUOwv5apg2oVeo3ObAPQ=="
    },
    "@fusioncharts/charts": {
      "version": "3.21.1",
      "resolved": "https://registry.npmjs.org/@fusioncharts/charts/-/charts-3.21.1.tgz",
      "integrity": "sha512-Tzx1mZvF+y/kor5y+gZx3kysFliz7iUUe6V4pg9UQF1ZcyaPrrVUKBAUvmsxRoqCr/6HAl2WIm2H4hHdeRSYHw==",
      "requires": {
        "@babel/runtime": "^7.9.2",
        "@fusioncharts/core": "^1.8.1",
        "@fusioncharts/features": "^1.8.1",
        "@fusioncharts/utils": "^1.8.1"
      }
    },
    "@fusioncharts/constructor": {
      "version": "1.8.1",
      "resolved": "https://registry.npmjs.org/@fusioncharts/constructor/-/constructor-1.8.1.tgz",
      "integrity": "sha512-tsaDsMutXMJKrU3JqwCLqKCxY3rXyq2QtQxxdZCB0wYS2tDaRF3Pndm0pGTLesIcxcJLG8nsYU9cj1R02wvacA==",
      "requires": {
        "@babel/runtime": "^7.9.2",
        "@fusioncharts/core": "^1.8.1",
        "@fusioncharts/maps": "^3.21.1"
      }
    },
    "@fusioncharts/core": {
      "version": "1.8.1",
      "resolved": "https://registry.npmjs.org/@fusioncharts/core/-/core-1.8.1.tgz",
      "integrity": "sha512-M6KRDkcb0nhTwn9LLoonqaE2CjDINrHuRq04GonlmisIr0WYD3qP4CQaW7ACt9U34qHdLXxD3S6UpVvgMmbhuQ==",
      "requires": {
        "@babel/runtime": "^7.9.2",
        "@fusioncharts/utils": "^1.8.1",
        "core-js": "^3.0.1",
        "ramda": "^0.29.0"
      }
    },
    "@fusioncharts/datatable": {
      "version": "1.8.1",
      "resolved": "https://registry.npmjs.org/@fusioncharts/datatable/-/datatable-1.8.1.tgz",
      "integrity": "sha512-1c22I/QI6o+dD5LHTVevaHugboUciX76FM965TX+d1qIg76VD/9R3GvKyxp+vH4jEeILasqdljFz4sSi4iKAmQ==",
      "requires": {
        "@babel/runtime": "^7.9.2",
        "@fusioncharts/utils": "^1.8.1"
      }
    },
    "@fusioncharts/features": {
      "version": "1.8.1",
      "resolved": "https://registry.npmjs.org/@fusioncharts/features/-/features-1.8.1.tgz",
      "integrity": "sha512-C8vLJNTVzq/rJy/nCPIHCsAGY5p+1qrRpzdsbEIerlRqR7tt3UWx7VUA+07oRVcWjn0LOL9zKNIwyOac88jjFA==",
      "requires": {
        "@babel/runtime": "^7.9.2",
        "@fusioncharts/core": "^1.8.1",
        "@fusioncharts/utils": "^1.8.1",
        "jspdf": "^2.5.1"
      }
    },
    "@fusioncharts/fusiontime": {
      "version": "2.8.2",
      "resolved": "https://registry.npmjs.org/@fusioncharts/fusiontime/-/fusiontime-2.8.2.tgz",
      "integrity": "sha512-0FwEYc7kJk+HwvyRZ/HzIHCbXtwltnQJ/8FT8i2Y/0IrAFnHsFE/F8ITEDk1CLJpM6AKrhw1BEn/SenA9uFZnQ==",
      "requires": {
        "@babel/runtime": "^7.9.2",
        "@fusioncharts/charts": "^3.21.1",
        "@fusioncharts/core": "^1.8.1",
        "@fusioncharts/datatable": "^1.8.1",
        "@fusioncharts/utils": "^1.8.1",
        "ramda": "^0.29.0"
      }
    },
    "@fusioncharts/maps": {
      "version": "3.21.1",
      "resolved": "https://registry.npmjs.org/@fusioncharts/maps/-/maps-3.21.1.tgz",
      "integrity": "sha512-+qcv6dAuMCU4mhNfoEVUWz27nKj7X5JnWr50pQXW+4n1JI52RsSVpe814eE7QcXglsYZSypr7BQ8GC/O1EYxYQ==",
      "requires": {
        "@babel/runtime": "^7.9.2",
        "@fusioncharts/charts": "^3.21.1",
        "@fusioncharts/core": "^1.8.1",
        "@fusioncharts/features": "^1.8.1"
      }
    },
    "@fusioncharts/powercharts": {
      "version": "3.21.1",
      "resolved": "https://registry.npmjs.org/@fusioncharts/powercharts/-/powercharts-3.21.1.tgz",
      "integrity": "sha512-XjcM+lx2Hyo3ahAdqgwL5NlTRJ6MVZfWACmzDFVFkNSW0LQLJ7t5qZMW1HQ9NkjEEghq21+SVuYF2MIHKPqjWQ==",
      "requires": {
        "@babel/runtime": "^7.9.2",
        "@fusioncharts/charts": "^3.21.1",
        "@fusioncharts/core": "^1.8.1",
        "@fusioncharts/utils": "^1.8.1"
      }
    },
    "@fusioncharts/utils": {
      "version": "1.8.1",
      "resolved": "https://registry.npmjs.org/@fusioncharts/utils/-/utils-1.8.1.tgz",
      "integrity": "sha512-zQbVqUraHF6e02aeKhZZH5eFTJeScWDH818wWWvf7189K4dc2XUySJZOKM2z3jPHwhi18B1eRkx256aMbvjgWA==",
      "requires": {
        "@babel/runtime": "^7.9.2",
        "ramda": "^0.29.0"
      }
    },
    "@fusioncharts/widgets": {
      "version": "3.21.1",
      "resolved": "https://registry.npmjs.org/@fusioncharts/widgets/-/widgets-3.21.1.tgz",
      "integrity": "sha512-6c58h93gXZUOE8LVNMBK0QJZ4Rge97SOW9HYcJJy2LM/g7ExAGAWf2hcVn4kzJCLW/SHWx051yZ4eG0tGrP1Kg==",
      "requires": {
        "@babel/runtime": "^7.9.2",
        "@fusioncharts/charts": "^3.21.1",
        "@fusioncharts/constructor": "^1.8.1",
        "@fusioncharts/core": "^1.8.1",
        "@fusioncharts/features": "^1.8.1",
        "@fusioncharts/utils": "^1.8.1"
      }
    },
    "@types/raf": {
      "version": "3.4.1",
      "resolved": "https://registry.npmjs.org/@types/raf/-/raf-3.4.1.tgz",
      "integrity": "sha512-1jJ3OO8FXHCcuVXCuO1EMC/MjDuT6/cxgsMw/UebkO9afnL99Y5QTpUjk7+flK4G5FzBVJEgDKL5eFtoxJs9MQ==",
      "optional": true
    },
    "atob": {
      "version": "2.1.2",
      "resolved": "https://registry.npmjs.org/atob/-/atob-2.1.2.tgz",
      "integrity": "sha512-Wm6ukoaOGJi/73p/cl2GvLjTI5JM1k/O14isD73YML8StrH/7/lRFgmg8nICZgD3bZZvjwCGxtMOD3wWNAu8cg=="
    },
    "base64-arraybuffer": {
      "version": "1.0.2",
      "resolved": "https://registry.npmjs.org/base64-arraybuffer/-/base64-arraybuffer-1.0.2.tgz",
      "integrity": "sha512-I3yl4r9QB5ZRY3XuJVEPfc2XhZO6YweFPI+UovAzn+8/hb3oJ6lnysaFcjVpkCPfVWFUDvoZ8kmVDP7WyRtYtQ==",
      "optional": true
    },
    "btoa": {
      "version": "1.2.1",
      "resolved": "https://registry.npmjs.org/btoa/-/btoa-1.2.1.tgz",
      "integrity": "sha512-SB4/MIGlsiVkMcHmT+pSmIPoNDoHg+7cMzmt3Uxt628MTz2487DKSqK/fuhFBrkuqrYv5UCEnACpF4dTFNKc/g=="
    },
    "canvg": {
      "version": "3.0.10",
      "resolved": "https://registry.npmjs.org/canvg/-/canvg-3.0.10.tgz",
      "integrity": "sha512-qwR2FRNO9NlzTeKIPIKpnTY6fqwuYSequ8Ru8c0YkYU7U0oW+hLUvWadLvAu1Rl72OMNiFhoLu4f8eUjQ7l/+Q==",
      "optional": true,
      "requires": {
        "@babel/runtime": "^7.12.5",
        "@types/raf": "^3.4.0",
        "core-js": "^3.8.3",
        "raf": "^3.4.1",
        "regenerator-runtime": "^0.13.7",
        "rgbcolor": "^1.0.1",
        "stackblur-canvas": "^2.0.0",
        "svg-pathdata": "^6.0.3"
      },
      "dependencies": {
        "@babel/runtime": {
          "version": "7.23.1",
          "resolved": "https://registry.npmjs.org/@babel/runtime/-/runtime-7.23.1.tgz",
          "integrity": "sha512-hC2v6p8ZSI/W0HUzh3V8C5g+NwSKzKPtJwSpTjwl0o297GP9+ZLQSkdvHz46CM3LqyoXxq+5G9komY+eSqSO0g==",
          "optional": true,
          "requires": {
            "regenerator-runtime": "^0.14.0"
          },
          "dependencies": {
            "regenerator-runtime": {
              "version": "0.14.0",
              "resolved": "https://registry.npmjs.org/regenerator-runtime/-/regenerator-runtime-0.14.0.tgz",
              "integrity": "sha512-srw17NI0TUWHuGa5CFGGmhfNIeja30WMBfbslPNhf6JrqQlLN5gcrvig1oqPxiVaXb0oW0XRKtH6Nngs5lKCIA==",
              "optional": true
            }
          }
        }
      }
    },
    "core-js": {
      "version": "3.33.0",
      "resolved": "https://registry.npmjs.org/core-js/-/core-js-3.33.0.tgz",
      "integrity": "sha512-HoZr92+ZjFEKar5HS6MC776gYslNOKHt75mEBKWKnPeFDpZ6nH5OeF3S6HFT1mUAUZKrzkez05VboaX8myjSuw=="
    },
    "css-line-break": {
      "version": "2.1.0",
      "resolved": "https://registry.npmjs.org/css-line-break/-/css-line-break-2.1.0.tgz",
      "integrity": "sha512-FHcKFCZcAha3LwfVBhCQbW2nCNbkZXn7KVUJcsT5/P8YmfsVja0FMPJr0B903j/E69HUphKiV9iQArX8SDYA4w==",
      "optional": true,
      "requires": {
        "utrie": "^1.0.2"
      }
    },
    "dompurify": {
      "version": "2.4.7",
      "resolved": "https://registry.npmjs.org/dompurify/-/dompurify-2.4.7.tgz",
      "integrity": "sha512-kxxKlPEDa6Nc5WJi+qRgPbOAbgTpSULL+vI3NUXsZMlkJxTqYI9wg5ZTay2sFrdZRWHPWNi+EdAhcJf81WtoMQ==",
      "optional": true
    },
    "fflate": {
      "version": "0.4.8",
      "resolved": "https://registry.npmjs.org/fflate/-/fflate-0.4.8.tgz",
      "integrity": "sha512-FJqqoDBR00Mdj9ppamLa/Y7vxm+PRmNWA67N846RvsoYVMKB4q3y/de5PA7gUmRMYK/8CMz2GDZQmCRN1wBcWA=="
    },
    "html2canvas": {
      "version": "1.4.1",
      "resolved": "https://registry.npmjs.org/html2canvas/-/html2canvas-1.4.1.tgz",
      "integrity": "sha512-fPU6BHNpsyIhr8yyMpTLLxAbkaK8ArIBcmZIRiBLiDhjeqvXolaEmDGmELFuX9I4xDcaKKcJl+TKZLqruBbmWA==",
      "optional": true,
      "requires": {
        "css-line-break": "^2.1.0",
        "text-segmentation": "^1.0.3"
      }
    },
    "jspdf": {
      "version": "2.5.1",
      "resolved": "https://registry.npmjs.org/jspdf/-/jspdf-2.5.1.tgz",
      "integrity": "sha512-hXObxz7ZqoyhxET78+XR34Xu2qFGrJJ2I2bE5w4SM8eFaFEkW2xcGRVUss360fYelwRSid/jT078kbNvmoW0QA==",
      "requires": {
        "@babel/runtime": "^7.14.0",
        "atob": "^2.1.2",
        "btoa": "^1.2.1",
        "canvg": "^3.0.6",
        "core-js": "^3.6.0",
        "dompurify": "^2.2.0",
        "fflate": "^0.4.8",
        "html2canvas": "^1.0.0-rc.5"
      },
      "dependencies": {
        "@babel/runtime": {
          "version": "7.23.1",
          "resolved": "https://registry.npmjs.org/@babel/runtime/-/runtime-7.23.1.tgz",
          "integrity": "sha512-hC2v6p8ZSI/W0HUzh3V8C5g+NwSKzKPtJwSpTjwl0o297GP9+ZLQSkdvHz46CM3LqyoXxq+5G9komY+eSqSO0g==",
          "requires": {
            "regenerator-runtime": "^0.14.0"
          }
        },
        "regenerator-runtime": {
          "version": "0.14.0",
          "resolved": "https://registry.npmjs.org/regenerator-runtime/-/regenerator-runtime-0.14.0.tgz",
          "integrity": "sha512-srw17NI0TUWHuGa5CFGGmhfNIeja30WMBfbslPNhf6JrqQlLN5gcrvig1oqPxiVaXb0oW0XRKtH6Nngs5lKCIA=="
        }
      }
    },
    "mutationobserver-shim": {
      "version": "0.3.5",
      "resolved": "https://registry.npmjs.org/mutationobserver-shim/-/mutationobserver-shim-0.3.5.tgz",
      "integrity": "sha512-YAMuSp4Oi19SYQF04dGnRajyFp4Wyam+jKKWzm5roPcNh1Rip8dnHPxls5F/xBgY0H2gV+3IzWuIvYQPDAvmBQ=="
    },
    "performance-now": {
      "version": "2.1.0",
      "resolved": "https://registry.npmjs.org/performance-now/-/performance-now-2.1.0.tgz",
      "integrity": "sha512-7EAHlyLHI56VEIdK57uwHdHKIaAGbnXPiw0yWbarQZOKaKpvUIgW0jWRVLiatnM+XXlSwsanIBH/hzGMJulMow==",
      "optional": true
    },
    "promise-polyfill": {
      "version": "8.1.3",
      "resolved": "https://registry.npmjs.org/promise-polyfill/-/promise-polyfill-8.1.3.tgz",
      "integrity": "sha512-MG5r82wBzh7pSKDRa9y+vllNHz3e3d4CNj1PQE4BQYxLme0gKYYBm9YENq+UkEikyZ0XbiGWxYlVw3Rl9O/U8g=="
    },
    "raf": {
      "version": "3.4.1",
      "resolved": "https://registry.npmjs.org/raf/-/raf-3.4.1.tgz",
      "integrity": "sha512-Sq4CW4QhwOHE8ucn6J34MqtZCeWFP2aQSmrlroYgqAV1PjStIhJXxYuTgUIfkEk7zTLjmIjLmU5q+fbD1NnOJA==",
      "optional": true,
      "requires": {
        "performance-now": "^2.1.0"
      }
    },
    "ramda": {
      "version": "0.29.1",
      "resolved": "https://registry.npmjs.org/ramda/-/ramda-0.29.1.tgz",
      "integrity": "sha512-OfxIeWzd4xdUNxlWhgFazxsA/nl3mS4/jGZI5n00uWOoSSFRhC1b6gl6xvmzUamgmqELraWp0J/qqVlXYPDPyA=="
    },
    "regenerator-runtime": {
      "version": "0.13.11",
      "resolved": "https://registry.npmjs.org/regenerator-runtime/-/regenerator-runtime-0.13.11.tgz",
      "integrity": "sha512-kY1AZVr2Ra+t+piVaJ4gxaFaReZVH40AKNo7UCX6W+dEwBo/2oZJzqfuN1qLq1oL45o56cPaTXELwrTh8Fpggg=="
    },
    "rgbcolor": {
      "version": "1.0.1",
      "resolved": "https://registry.npmjs.org/rgbcolor/-/rgbcolor-1.0.1.tgz",
      "integrity": "sha512-9aZLIrhRaD97sgVhtJOW6ckOEh6/GnvQtdVNfdZ6s67+3/XwLS9lBcQYzEEhYVeUowN7pRzMLsyGhK2i/xvWbw==",
      "optional": true
    },
    "stackblur-canvas": {
      "version": "2.6.0",
      "resolved": "https://registry.npmjs.org/stackblur-canvas/-/stackblur-canvas-2.6.0.tgz",
      "integrity": "sha512-8S1aIA+UoF6erJYnglGPug6MaHYGo1Ot7h5fuXx4fUPvcvQfcdw2o/ppCse63+eZf8PPidSu4v1JnmEVtEDnpg==",
      "optional": true
    },
    "svg-pathdata": {
      "version": "6.0.3",
      "resolved": "https://registry.npmjs.org/svg-pathdata/-/svg-pathdata-6.0.3.tgz",
      "integrity": "sha512-qsjeeq5YjBZ5eMdFuUa4ZosMLxgr5RZ+F+Y1OrDhuOCEInRMA3x74XdBtggJcj9kOeInz0WE+LgCPDkZFlBYJw==",
      "optional": true
    },
    "text-segmentation": {
      "version": "1.0.3",
      "resolved": "https://registry.npmjs.org/text-segmentation/-/text-segmentation-1.0.3.tgz",
      "integrity": "sha512-iOiPUo/BGnZ6+54OsWxZidGCsdU8YbE4PSpdPinp7DeMtUJNJBoJ/ouUSTJjHkh1KntHaltHl/gDs2FC4i5+Nw==",
      "optional": true,
      "requires": {
        "utrie": "^1.0.2"
      }
    },
    "utrie": {
      "version": "1.0.2",
      "resolved": "https://registry.npmjs.org/utrie/-/utrie-1.0.2.tgz",
      "integrity": "sha512-1MLa5ouZiOmQzUbjbu9VmjLzn1QLXBhwpUa7kdLUQK+KQ5KA9I1vk5U4YHe/X2Ch7PYnJfWuWT+VbuxbGwljhw==",
      "optional": true,
      "requires": {
        "base64-arraybuffer": "^1.0.2"
      }
    }
  }
}
